
Microsoft Visual Studio Solution File, Format Version 12.00
# Visual Studio Version 16
VisualStudioVersion = 16.0.29728.190
MinimumVisualStudioVersion = 10.0.40219.1
Project("{FAE04EC0-301F-11D3-BF4B-00C04F79EFBC}") = "WinformsLabThree", "WinformsLabThree\WinformsLabThree.csproj", "{7EF78945-0BCC-42EA-BDC5-4F761F347F7C}"
EndProject
Global
	GlobalSection(SolutionConfigurationPlatforms) = preSolution
		Debug|Any CPU = Debug|Any CPU
		Release|Any CPU = Release|Any CPU
	EndGlobalSection
	GlobalSection(ProjectConfigurationPlatforms) = postSolution
		{7EF78945-0BCC-42EA-BDC5-4F761F347F7C}.Debug|Any CPU.ActiveCfg = Debug|Any CPU
		{7EF78945-0BCC-42EA-BDC5-4F761F347F7C}.Debug|Any CPU.Build.0 = Debug|Any CPU
		{7EF78945-0BCC-42EA-BDC5-4F761F347F7C}.Release|Any CPU.ActiveCfg = Release|Any CPU
		{7EF78945-0BCC-42EA-BDC5-4F761F347F7C}.Release|Any CPU.Build.0 = Release|Any CPU
	EndGlobalSection
	GlobalSection(SolutionProperties) = preSolution
		HideSolutionNode = FALSE
	EndGlobalSection
	GlobalSection(ExtensibilityGlobals) = postSolution
		SolutionGuid = {16ADBBB0-89F0-4621-B994-0A4FF3D942FF}
	EndGlobalSection
EndGlobal
